
Microsoft Visual Studio Solution File, Format Version 12.00
# Visual Studio Version 17
VisualStudioVersion = 17.8.34316.72
MinimumVisualStudioVersion = 10.0.40219.1
Project("{8BC9CEB8-8B4A-11D0-8D11-00A0C91BC942}") = "SFML", "SFML\SFML.vcxproj", "{13D959A3-B6DC-422A-B6B7-5B9C7AE3E494}"
EndProject
Global
	GlobalSection(SolutionConfigurationPlatforms) = preSolution
		Debug|x64 = Debug|x64
		Debug|x86 = Debug|x86
		Release|x64 = Release|x64
		Release|x86 = Release|x86
	EndGlobalSection
	GlobalSection(ProjectConfigurationPlatforms) = postSolution
		{13D959A3-B6DC-422A-B6B7-5B9C7AE3E494}.Debug|x64.ActiveCfg = Debug|x64
		{13D959A3-B6DC-422A-B6B7-5B9C7AE3E494}.Debug|x64.Build.0 = Debug|x64
		{13D959A3-B6DC-422A-B6B7-5B9C7AE3E494}.Debug|x86.ActiveCfg = Debug|Win32
		{13D959A3-B6DC-422A-B6B7-5B9C7AE3E494}.Debug|x86.Build.0 = Debug|Win32
		{13D959A3-B6DC-422A-B6B7-5B9C7AE3E494}.Release|x64.ActiveCfg = Release|x64
		{13D959A3-B6DC-422A-B6B7-5B9C7AE3E494}.Release|x64.Build.0 = Release|x64
		{13D959A3-B6DC-422A-B6B7-5B9C7AE3E494}.Release|x86.ActiveCfg = Release|Win32
		{13D959A3-B6DC-422A-B6B7-5B9C7AE3E494}.Release|x86.Build.0 = Release|Win32
	EndGlobalSection
	GlobalSection(SolutionProperties) = preSolution
		HideSolutionNode = FALSE
	EndGlobalSection
	GlobalSection(ExtensibilityGlobals) = postSolution
		SolutionGuid = {7A4DCD19-B4E1-480A-815C-2C8E404F38CE}
	EndGlobalSection
EndGlobal
